{
  "name": "flumeview-query",
  "version": "5.0.0",
  "lockfileVersion": 1,
  "requires": true,
  "dependencies": {
    "abstract-leveldown": {
      "version": "https://registry.npmjs.org/abstract-leveldown/-/abstract-leveldown-2.4.1.tgz",
      "integrity": "sha1-s7/tuITraToSd18MVenwpCDM7mQ=",
      "requires": {
        "xtend": "https://registry.npmjs.org/xtend/-/xtend-4.0.1.tgz"
      }
    },
    "aligned-block-file": {
      "version": "https://registry.npmjs.org/aligned-block-file/-/aligned-block-file-0.0.1.tgz",
      "integrity": "sha1-W64rdPXX/9nXSFRfaRuGaTNgmPE=",
      "dev": true,
      "requires": {
        "mkdirp": "https://registry.npmjs.org/mkdirp/-/mkdirp-0.5.1.tgz",
        "obv": "https://registry.npmjs.org/obv/-/obv-0.0.0.tgz"
      }
    },
    "ansi-regex": {
      "version": "https://registry.npmjs.org/ansi-regex/-/ansi-regex-2.0.0.tgz",
      "integrity": "sha1-xQYbbg74qBd15Q9dZhUb9r83EQc="
    },
    "append-batch": {
      "version": "https://registry.npmjs.org/append-batch/-/append-batch-0.0.1.tgz",
      "integrity": "sha1-kiSFjlVpl8zAfxHx7poShTKqDSU=",
      "dev": true
    },
    "aproba": {
      "version": "https://registry.npmjs.org/aproba/-/aproba-1.0.4.tgz",
      "integrity": "sha1-JxNoB3XnYUyLoYbAZdTi5S0QcsA="
    },
    "are-we-there-yet": {
      "version": "https://registry.npmjs.org/are-we-there-yet/-/are-we-there-yet-1.1.2.tgz",
      "integrity": "sha1-gORw6VoIR5T+GJkmLFZnxuiN4bM=",
      "requires": {
        "delegates": "https://registry.npmjs.org/delegates/-/delegates-1.0.0.tgz",
        "readable-stream": "https://registry.npmjs.org/readable-stream/-/readable-stream-1.1.14.tgz"
      }
    },
    "balanced-match": {
      "version": "https://registry.npmjs.org/balanced-match/-/balanced-match-0.4.2.tgz",
      "integrity": "sha1-yz8+PHMtwPAe5wtAPzAuYddwmDg=",
      "dev": true
    },
    "binary-search": {
      "version": "https://registry.npmjs.org/binary-search/-/binary-search-1.3.2.tgz",
      "integrity": "sha1-iMm3vStyIdNS2njsiH9a8lSeTeI="
    },
    "bindings": {
      "version": "https://registry.npmjs.org/bindings/-/bindings-1.2.1.tgz",
      "integrity": "sha1-FK1hE4EtLTfXLme0ystLtyZQXxE="
    },
    "bl": {
      "version": "https://registry.npmjs.org/bl/-/bl-1.0.3.tgz",
      "integrity": "sha1-/FQhoo/UImA2w7OJGmaiW8ZNIm4=",
      "requires": {
        "readable-stream": "https://registry.npmjs.org/readable-stream/-/readable-stream-2.0.6.tgz"
      },
      "dependencies": {
        "isarray": {
          "version": "https://registry.npmjs.org/isarray/-/isarray-1.0.0.tgz",
          "integrity": "sha1-u5NdSFgsuhaMBoNJV6VKPgcSTxE="
        },
        "readable-stream": {
          "version": "https://registry.npmjs.org/readable-stream/-/readable-stream-2.0.6.tgz",
          "integrity": "sha1-j5A0HmilPMySh4jaz80Rs265t44=",
          "requires": {
            "core-util-is": "https://registry.npmjs.org/core-util-is/-/core-util-is-1.0.2.tgz",
            "inherits": "https://registry.npmjs.org/inherits/-/inherits-2.0.3.tgz",
            "isarray": "https://registry.npmjs.org/isarray/-/isarray-1.0.0.tgz",
            "process-nextick-args": "https://registry.npmjs.org/process-nextick-args/-/process-nextick-args-1.0.7.tgz",
            "string_decoder": "https://registry.npmjs.org/string_decoder/-/string_decoder-0.10.31.tgz",
            "util-deprecate": "https://registry.npmjs.org/util-deprecate/-/util-deprecate-1.0.2.tgz"
          }
        }
      }
    },
    "brace-expansion": {
      "version": "https://registry.npmjs.org/brace-expansion/-/brace-expansion-1.1.6.tgz",
      "integrity": "sha1-cZfX6qm4fmSDkOph/GbIRCdCDfk=",
      "dev": true,
      "requires": {
        "balanced-match": "https://registry.npmjs.org/balanced-match/-/balanced-match-0.4.2.tgz",
        "concat-map": "https://registry.npmjs.org/concat-map/-/concat-map-0.0.1.tgz"
      }
    },
    "buffer-shims": {
      "version": "https://registry.npmjs.org/buffer-shims/-/buffer-shims-1.0.0.tgz",
      "integrity": "sha1-mXjOMXOIxkmth5MCjDR37wRKi1E="
    },
    "bytewise": {
      "version": "https://registry.npmjs.org/bytewise/-/bytewise-1.1.0.tgz",
      "integrity": "sha1-HRPL/3F65xWAlKqIGzXQgbOHJT4=",
      "requires": {
        "bytewise-core": "https://registry.npmjs.org/bytewise-core/-/bytewise-core-1.2.3.tgz",
        "typewise": "https://registry.npmjs.org/typewise/-/typewise-1.0.3.tgz"
      }
    },
    "bytewise-core": {
      "version": "https://registry.npmjs.org/bytewise-core/-/bytewise-core-1.2.3.tgz",
      "integrity": "sha1-P7QQx+kVWOsasiqCg0V3qmvWHUI=",
      "requires": {
        "typewise-core": "https://registry.npmjs.org/typewise-core/-/typewise-core-1.2.0.tgz"
      }
    },
    "code-point-at": {
      "version": "https://registry.npmjs.org/code-point-at/-/code-point-at-1.1.0.tgz",
      "integrity": "sha1-DQcLTQQ6W+ozovGkDi7bPZpMz3c="
    },
    "concat-map": {
      "version": "https://registry.npmjs.org/concat-map/-/concat-map-0.0.1.tgz",
      "integrity": "sha1-2Klr13/Wjfd5OnMDajug1UBdR3s=",
      "dev": true
    },
    "console-control-strings": {
      "version": "https://registry.npmjs.org/console-control-strings/-/console-control-strings-1.1.0.tgz",
      "integrity": "sha1-PXz0Rk22RG6mRL9LOVB/mFEAjo4="
    },
    "cont": {
      "version": "https://registry.npmjs.org/cont/-/cont-1.0.3.tgz",
      "integrity": "sha1-aHTx6TX8qZ0EjK6qrZoK6wILzOA=",
      "dev": true,
      "requires": {
        "continuable": "https://registry.npmjs.org/continuable/-/continuable-1.2.0.tgz",
        "continuable-para": "https://registry.npmjs.org/continuable-para/-/continuable-para-1.2.0.tgz",
        "continuable-series": "https://registry.npmjs.org/continuable-series/-/continuable-series-1.2.0.tgz"
      }
    },
    "continuable": {
      "version": "https://registry.npmjs.org/continuable/-/continuable-1.2.0.tgz",
      "integrity": "sha1-CCd0aNQRNiAAdMz4cpQwjRafJbY=",
      "dev": true
    },
    "continuable-hash": {
      "version": "https://registry.npmjs.org/continuable-hash/-/continuable-hash-0.1.4.tgz",
      "integrity": "sha1-gcdNQXcdjJJ4Ph4A5fEbNNbfx4w=",
      "dev": true,
      "requires": {
        "continuable": "https://registry.npmjs.org/continuable/-/continuable-1.1.8.tgz"
      },
      "dependencies": {
        "continuable": {
          "version": "https://registry.npmjs.org/continuable/-/continuable-1.1.8.tgz",
          "integrity": "sha1-3Id7R0FghwrjvN6HM2Jo6+UFl9U=",
          "dev": true
        }
      }
    },
    "continuable-list": {
      "version": "https://registry.npmjs.org/continuable-list/-/continuable-list-0.1.6.tgz",
      "integrity": "sha1-h88G7FgHFuEN/5X7C4TF8OisrF8=",
      "dev": true,
      "requires": {
        "continuable": "https://registry.npmjs.org/continuable/-/continuable-1.1.8.tgz"
      },
      "dependencies": {
        "continuable": {
          "version": "https://registry.npmjs.org/continuable/-/continuable-1.1.8.tgz",
          "integrity": "sha1-3Id7R0FghwrjvN6HM2Jo6+UFl9U=",
          "dev": true
        }
      }
    },
    "continuable-para": {
      "version": "https://registry.npmjs.org/continuable-para/-/continuable-para-1.2.0.tgz",
      "integrity": "sha1-RFUQ9klFndD8NchyAVFGEicxxYM=",
      "dev": true,
      "requires": {
        "continuable-hash": "https://registry.npmjs.org/continuable-hash/-/continuable-hash-0.1.4.tgz",
        "continuable-list": "https://registry.npmjs.org/continuable-list/-/continuable-list-0.1.6.tgz"
      }
    },
    "continuable-series": {
      "version": "https://registry.npmjs.org/continuable-series/-/continuable-series-1.2.0.tgz",
      "integrity": "sha1-MkM5euk6cdZVswJoNKUVkLlYueg=",
      "dev": true
    },
    "core-util-is": {
      "version": "https://registry.npmjs.org/core-util-is/-/core-util-is-1.0.2.tgz",
      "integrity": "sha1-tf1UIgqivFq1eqtxQMlAdUUDwac="
    },
    "deep-equal": {
      "version": "https://registry.npmjs.org/deep-equal/-/deep-equal-1.0.1.tgz",
      "integrity": "sha1-9dJgKStmDghO/0zbyfCK0yR0SLU=",
      "dev": true
    },
    "deep-extend": {
      "version": "https://registry.npmjs.org/deep-extend/-/deep-extend-0.4.1.tgz",
      "integrity": "sha1-7+QRPQgIX05vlod1mBD4B0aeIlM="
    },
    "deferred-leveldown": {
      "version": "https://registry.npmjs.org/deferred-leveldown/-/deferred-leveldown-1.2.1.tgz",
      "integrity": "sha1-XSXDMQ9f6QmUb2JA3J+Q3RCace8=",
      "requires": {
        "abstract-leveldown": "https://registry.npmjs.org/abstract-leveldown/-/abstract-leveldown-2.4.1.tgz"
      }
    },
    "define-properties": {
      "version": "https://registry.npmjs.org/define-properties/-/define-properties-1.1.2.tgz",
      "integrity": "sha1-g6c/L+pWmJj7c3GTyPhzyvbUXJQ=",
      "dev": true,
      "requires": {
        "foreach": "https://registry.npmjs.org/foreach/-/foreach-2.0.5.tgz",
        "object-keys": "https://registry.npmjs.org/object-keys/-/object-keys-1.0.11.tgz"
      }
    },
    "defined": {
      "version": "https://registry.npmjs.org/defined/-/defined-1.0.0.tgz",
      "integrity": "sha1-yY2bzvdWdBiOEQlpFRGZ45sfppM=",
      "dev": true
    },
    "delegates": {
      "version": "https://registry.npmjs.org/delegates/-/delegates-1.0.0.tgz",
      "integrity": "sha1-hMbhWbgZBP3KWaDvRM2HDTElD5o="
    },
    "end-of-stream": {
      "version": "https://registry.npmjs.org/end-of-stream/-/end-of-stream-1.1.0.tgz",
      "integrity": "sha1-6TUyWLqpEIll78QcsO+K3i88+wc=",
      "requires": {
        "once": "https://registry.npmjs.org/once/-/once-1.3.3.tgz"
      },
      "dependencies": {
        "once": {
          "version": "https://registry.npmjs.org/once/-/once-1.3.3.tgz",
          "integrity": "sha1-suJhVXzkwxTsgwTz+oJmPkKXyiA=",
          "requires": {
            "wrappy": "https://registry.npmjs.org/wrappy/-/wrappy-1.0.2.tgz"
          }
        }
      }
    },
    "errno": {
      "version": "https://registry.npmjs.org/errno/-/errno-0.1.4.tgz",
      "integrity": "sha1-uJbiOp5ei6M4cfyZar02NfyaHH0=",
      "requires": {
        "prr": "https://registry.npmjs.org/prr/-/prr-0.0.0.tgz"
      },
      "dependencies": {
        "prr": {
          "version": "https://registry.npmjs.org/prr/-/prr-0.0.0.tgz",
          "integrity": "sha1-GoS4WQgyVQFBGFPQCB7j+obikmo="
        }
      }
    },
    "es-abstract": {
      "version": "https://registry.npmjs.org/es-abstract/-/es-abstract-1.6.1.tgz",
      "integrity": "sha1-u4ogZBIKvPkooIbqPZBDEUKF7Jk=",
      "dev": true,
      "requires": {
        "es-to-primitive": "https://registry.npmjs.org/es-to-primitive/-/es-to-primitive-1.1.1.tgz",
        "function-bind": "https://registry.npmjs.org/function-bind/-/function-bind-1.1.0.tgz",
        "is-callable": "https://registry.npmjs.org/is-callable/-/is-callable-1.1.3.tgz",
        "is-regex": "https://registry.npmjs.org/is-regex/-/is-regex-1.0.3.tgz"
      }
    },
    "es-to-primitive": {
      "version": "https://registry.npmjs.org/es-to-primitive/-/es-to-primitive-1.1.1.tgz",
      "integrity": "sha1-RTVSSKiJeQNLZ5Lhm7gfK3l13Q0=",
      "dev": true,
      "requires": {
        "is-callable": "https://registry.npmjs.org/is-callable/-/is-callable-1.1.3.tgz",
        "is-date-object": "https://registry.npmjs.org/is-date-object/-/is-date-object-1.0.1.tgz",
        "is-symbol": "https://registry.npmjs.org/is-symbol/-/is-symbol-1.0.1.tgz"
      }
    },
    "expand-template": {
      "version": "https://registry.npmjs.org/expand-template/-/expand-template-1.0.3.tgz",
      "integrity": "sha1-bDAzIxd6YrGyLAcCefeGEoe2mxo="
    },
    "explain-error": {
      "version": "https://registry.npmjs.org/explain-error/-/explain-error-1.0.3.tgz",
      "integrity": "sha1-9OKyEVISDZTbNtk77wOlxCv+3Ok="
    },
    "flumedb": {
      "version": "https://registry.npmjs.org/flumedb/-/flumedb-0.1.0.tgz",
      "integrity": "sha1-2Kub1kfTNvrnGz/z9sdk/AuCqk8=",
      "dev": true,
      "requires": {
        "cont": "https://registry.npmjs.org/cont/-/cont-1.0.3.tgz",
        "pull-cont": "https://registry.npmjs.org/pull-cont/-/pull-cont-0.0.0.tgz",
        "pull-stream": "https://registry.npmjs.org/pull-stream/-/pull-stream-3.5.0.tgz"
      }
    },
    "flumelog-offset": {
      "version": "https://registry.npmjs.org/flumelog-offset/-/flumelog-offset-0.0.3.tgz",
      "integrity": "sha1-uKEQ3df0FSYpQ6ouGKM6t9sem/g=",
      "dev": true,
      "requires": {
        "aligned-block-file": "https://registry.npmjs.org/aligned-block-file/-/aligned-block-file-0.0.1.tgz",
        "append-batch": "https://registry.npmjs.org/append-batch/-/append-batch-0.0.1.tgz",
        "ltgt": "https://registry.npmjs.org/ltgt/-/ltgt-2.1.3.tgz"
      }
    },
    "flumeview-level": {
      "version": "2.1.0",
      "resolved": "https://registry.npmjs.org/flumeview-level/-/flumeview-level-2.1.0.tgz",
      "integrity": "sha1-RogRF9iyxg1CYEBc63oY+60m4s4=",
      "requires": {
        "bytewise": "https://registry.npmjs.org/bytewise/-/bytewise-1.1.0.tgz",
        "explain-error": "1.0.4",
        "level": "1.7.0",
        "ltgt": "https://registry.npmjs.org/ltgt/-/ltgt-2.1.3.tgz",
        "mkdirp": "https://registry.npmjs.org/mkdirp/-/mkdirp-0.5.1.tgz",
        "obv": "https://registry.npmjs.org/obv/-/obv-0.0.0.tgz",
        "pull-level": "https://registry.npmjs.org/pull-level/-/pull-level-2.0.3.tgz",
        "pull-paramap": "https://registry.npmjs.org/pull-paramap/-/pull-paramap-1.2.1.tgz",
        "pull-stream": "https://registry.npmjs.org/pull-stream/-/pull-stream-3.5.0.tgz",
        "pull-write": "https://registry.npmjs.org/pull-write/-/pull-write-1.1.1.tgz"
      },
      "dependencies": {
        "abstract-leveldown": {
          "version": "2.6.2",
          "resolved": "https://registry.npmjs.org/abstract-leveldown/-/abstract-leveldown-2.6.2.tgz",
          "integrity": "sha512-6RmGuGZSsvwIYS9otANM+Rie7/6UNdE0IbxwUiXFjXmjHNCJZEjyX2Pltl5BvIYszLODlsnXtyA7A7Ujlca4Gw==",
          "requires": {
            "xtend": "https://registry.npmjs.org/xtend/-/xtend-4.0.1.tgz"
          }
        },
        "explain-error": {
          "version": "1.0.4",
          "resolved": "https://registry.npmjs.org/explain-error/-/explain-error-1.0.4.tgz",
          "integrity": "sha1-p5PTrAytTGq1cemWj7urbLJTKSk="
        },
        "fast-future": {
          "version": "1.0.2",
          "resolved": "https://registry.npmjs.org/fast-future/-/fast-future-1.0.2.tgz",
          "integrity": "sha1-hDWpqqAteSSNF9cE52JZMB2ZKAo="
        },
        "level": {
          "version": "1.7.0",
          "resolved": "https://registry.npmjs.org/level/-/level-1.7.0.tgz",
          "integrity": "sha1-Q0ZKOounOy895WokKSgFFG2iE6E=",
          "requires": {
            "level-packager": "https://registry.npmjs.org/level-packager/-/level-packager-1.2.0.tgz",
            "leveldown": "1.7.2"
          }
        },
        "leveldown": {
          "version": "1.7.2",
          "resolved": "https://registry.npmjs.org/leveldown/-/leveldown-1.7.2.tgz",
          "integrity": "sha1-XjRnuyfuJGpKe429j7KxYgam64s=",
          "requires": {
            "abstract-leveldown": "2.6.2",
            "bindings": "https://registry.npmjs.org/bindings/-/bindings-1.2.1.tgz",
            "fast-future": "1.0.2",
            "nan": "2.6.2",
            "prebuild-install": "https://registry.npmjs.org/prebuild-install/-/prebuild-install-2.2.0.tgz"
          }
        },
        "nan": {
          "version": "2.6.2",
          "resolved": "https://registry.npmjs.org/nan/-/nan-2.6.2.tgz",
          "integrity": "sha1-5P805slf37WuzAjeZZb0NgWn20U="
        }
      }
    },
    "foreach": {
      "version": "https://registry.npmjs.org/foreach/-/foreach-2.0.5.tgz",
      "integrity": "sha1-C+4AUBiusmDQo6865ljdATbsG5k=",
      "dev": true
    },
    "fs.realpath": {
      "version": "https://registry.npmjs.org/fs.realpath/-/fs.realpath-1.0.0.tgz",
      "integrity": "sha1-FQStJSMVjKpA20onh8sBQRmU6k8=",
      "dev": true
    },
    "function-bind": {
      "version": "https://registry.npmjs.org/function-bind/-/function-bind-1.1.0.tgz",
      "integrity": "sha1-FhdnFMgBeY5Ojyz391KUZ7tKV3E=",
      "dev": true
    },
    "github-from-package": {
      "version": "https://registry.npmjs.org/github-from-package/-/github-from-package-0.0.0.tgz",
      "integrity": "sha1-l/tdlr/eiXMxPyDoKI75oWf6ZM4="
    },
    "glob": {
      "version": "https://registry.npmjs.org/glob/-/glob-7.1.1.tgz",
      "integrity": "sha1-gFIR3wT6rxxjo2ADBs31reULLsg=",
      "dev": true,
      "requires": {
        "fs.realpath": "https://registry.npmjs.org/fs.realpath/-/fs.realpath-1.0.0.tgz",
        "inflight": "https://registry.npmjs.org/inflight/-/inflight-1.0.6.tgz",
        "inherits": "https://registry.npmjs.org/inherits/-/inherits-2.0.3.tgz",
        "minimatch": "https://registry.npmjs.org/minimatch/-/minimatch-3.0.3.tgz",
        "once": "https://registry.npmjs.org/once/-/once-1.4.0.tgz",
        "path-is-absolute": "https://registry.npmjs.org/path-is-absolute/-/path-is-absolute-1.0.1.tgz"
      }
    },
    "has": {
      "version": "https://registry.npmjs.org/has/-/has-1.0.1.tgz",
      "integrity": "sha1-hGFzP1OLCDfJNh45qauelwTcLyg=",
      "dev": true,
      "requires": {
        "function-bind": "https://registry.npmjs.org/function-bind/-/function-bind-1.1.0.tgz"
      }
    },
    "has-color": {
      "version": "https://registry.npmjs.org/has-color/-/has-color-0.1.7.tgz",
      "integrity": "sha1-ZxRKUmDDT8PMpnfQQdr1L+e3iy8="
    },
    "has-unicode": {
      "version": "https://registry.npmjs.org/has-unicode/-/has-unicode-2.0.1.tgz",
      "integrity": "sha1-4Ob+aijPUROIVeCG0Wkedx3iqLk="
    },
    "inflight": {
      "version": "https://registry.npmjs.org/inflight/-/inflight-1.0.6.tgz",
      "integrity": "sha1-Sb1jMdfQLQwJvJEKEHW6gWW1bfk=",
      "dev": true,
      "requires": {
        "once": "https://registry.npmjs.org/once/-/once-1.4.0.tgz",
        "wrappy": "https://registry.npmjs.org/wrappy/-/wrappy-1.0.2.tgz"
      }
    },
    "inherits": {
      "version": "https://registry.npmjs.org/inherits/-/inherits-2.0.3.tgz",
      "integrity": "sha1-Yzwsg+PaQqUC9SRmAiSA9CCCYd4="
    },
    "ini": {
      "version": "https://registry.npmjs.org/ini/-/ini-1.3.4.tgz",
      "integrity": "sha1-BTfLedr1m1mhpRff9wbIbsA5Fi4="
    },
    "is-callable": {
      "version": "https://registry.npmjs.org/is-callable/-/is-callable-1.1.3.tgz",
      "integrity": "sha1-hut1OSgF3cM69xySoO7fdO52BLI=",
      "dev": true
    },
    "is-date-object": {
      "version": "https://registry.npmjs.org/is-date-object/-/is-date-object-1.0.1.tgz",
      "integrity": "sha1-mqIOtq7rv/d/vTPnTKAbM1gdOhY=",
      "dev": true
    },
    "is-fullwidth-code-point": {
      "version": "https://registry.npmjs.org/is-fullwidth-code-point/-/is-fullwidth-code-point-1.0.0.tgz",
      "integrity": "sha1-754xOG8DGn8NZDr4L95QxFfvAMs=",
      "requires": {
        "number-is-nan": "https://registry.npmjs.org/number-is-nan/-/number-is-nan-1.0.1.tgz"
      }
    },
    "is-regex": {
      "version": "https://registry.npmjs.org/is-regex/-/is-regex-1.0.3.tgz",
      "integrity": "sha1-DVUYK9358v3ieCIK7Dp1ZCyQhjc=",
      "dev": true
    },
    "is-symbol": {
      "version": "https://registry.npmjs.org/is-symbol/-/is-symbol-1.0.1.tgz",
      "integrity": "sha1-PMWfAAJRlLarLjjbrmaJJWtmBXI=",
      "dev": true
    },
    "isarray": {
      "version": "https://registry.npmjs.org/isarray/-/isarray-0.0.1.tgz",
      "integrity": "sha1-ihis/Kmo9Bd+Cav8YDiTmwXR7t8="
    },
    "level-codec": {
      "version": "https://registry.npmjs.org/level-codec/-/level-codec-6.2.0.tgz",
      "integrity": "sha1-pLUkS7akwvcj1oodZOmAxTYn2dQ=",
      "dev": true
    },
    "level-errors": {
      "version": "https://registry.npmjs.org/level-errors/-/level-errors-1.0.4.tgz",
      "integrity": "sha1-NYXmI5dMc3qTdVSSpDwCZ82kQl8=",
      "requires": {
        "errno": "https://registry.npmjs.org/errno/-/errno-0.1.4.tgz"
      }
    },
    "level-iterator-stream": {
      "version": "https://registry.npmjs.org/level-iterator-stream/-/level-iterator-stream-1.3.1.tgz",
      "integrity": "sha1-5Dt4sagUPm+pek9IXrjqUwNS8u0=",
      "requires": {
        "inherits": "https://registry.npmjs.org/inherits/-/inherits-2.0.3.tgz",
        "level-errors": "https://registry.npmjs.org/level-errors/-/level-errors-1.0.4.tgz",
        "readable-stream": "https://registry.npmjs.org/readable-stream/-/readable-stream-1.1.14.tgz",
        "xtend": "https://registry.npmjs.org/xtend/-/xtend-4.0.1.tgz"
      }
    },
    "level-packager": {
      "version": "https://registry.npmjs.org/level-packager/-/level-packager-1.2.0.tgz",
      "integrity": "sha1-HbZwnoG7jb8cCJeSkQ4g9+ZDAFY=",
      "requires": {
        "levelup": "https://registry.npmjs.org/levelup/-/levelup-1.3.3.tgz"
      }
    },
    "level-post": {
      "version": "https://registry.npmjs.org/level-post/-/level-post-1.0.5.tgz",
      "integrity": "sha1-KmY5BAm/ahYhpES6tvAWREzJgCw=",
      "requires": {
        "ltgt": "https://registry.npmjs.org/ltgt/-/ltgt-2.1.3.tgz"
      }
    },
    "levelup": {
      "version": "https://registry.npmjs.org/levelup/-/levelup-1.3.3.tgz",
      "integrity": "sha1-v522K9thiNCOqqLvz2zDEZFvQf0=",
      "requires": {
        "deferred-leveldown": "https://registry.npmjs.org/deferred-leveldown/-/deferred-leveldown-1.2.1.tgz",
        "level-codec": "https://registry.npmjs.org/level-codec/-/level-codec-6.1.0.tgz",
        "level-errors": "https://registry.npmjs.org/level-errors/-/level-errors-1.0.4.tgz",
        "level-iterator-stream": "https://registry.npmjs.org/level-iterator-stream/-/level-iterator-stream-1.3.1.tgz",
        "prr": "https://registry.npmjs.org/prr/-/prr-1.0.1.tgz",
        "semver": "https://registry.npmjs.org/semver/-/semver-5.1.1.tgz",
        "xtend": "https://registry.npmjs.org/xtend/-/xtend-4.0.1.tgz"
      },
      "dependencies": {
        "level-codec": {
          "version": "https://registry.npmjs.org/level-codec/-/level-codec-6.1.0.tgz",
          "integrity": "sha1-9d8KmVgvdtrEOFUVGrb05NDWAEU="
        }
      }
    },
    "looper": {
      "version": "https://registry.npmjs.org/looper/-/looper-2.0.0.tgz",
      "integrity": "sha1-Zs0Md0rz1P7axTeU90LbVtqPCew="
    },
    "ltgt": {
      "version": "https://registry.npmjs.org/ltgt/-/ltgt-2.1.3.tgz",
      "integrity": "sha1-EIUaBtmWS5cReEQcI8nlJpjuzjQ="
    },
    "map-filter-reduce": {
      "version": "https://registry.npmjs.org/map-filter-reduce/-/map-filter-reduce-3.0.2.tgz",
      "integrity": "sha1-is7GvnBCKZlRTnnznbfScZRYum0=",
      "requires": {
        "binary-search": "https://registry.npmjs.org/binary-search/-/binary-search-1.3.2.tgz",
        "pull-sink-through": "https://registry.npmjs.org/pull-sink-through/-/pull-sink-through-0.0.0.tgz",
        "pull-stream": "https://registry.npmjs.org/pull-stream/-/pull-stream-3.5.0.tgz",
        "typewiselite": "https://registry.npmjs.org/typewiselite/-/typewiselite-1.0.0.tgz"
      }
    },
    "minimatch": {
      "version": "https://registry.npmjs.org/minimatch/-/minimatch-3.0.3.tgz",
      "integrity": "sha1-Kk5AkLlrLbBqnX3wEFWmKnfJt3Q=",
      "dev": true,
      "requires": {
        "brace-expansion": "https://registry.npmjs.org/brace-expansion/-/brace-expansion-1.1.6.tgz"
      }
    },
    "minimist": {
      "version": "https://registry.npmjs.org/minimist/-/minimist-1.2.0.tgz",
      "integrity": "sha1-o1AIsg9BOD7sH7kU9M1d95omQoQ="
    },
    "mkdirp": {
      "version": "https://registry.npmjs.org/mkdirp/-/mkdirp-0.5.1.tgz",
      "integrity": "sha1-MAV0OOrGz3+MR2fzhkjWaX11yQM=",
      "requires": {
        "minimist": "https://registry.npmjs.org/minimist/-/minimist-0.0.8.tgz"
      },
      "dependencies": {
        "minimist": {
          "version": "https://registry.npmjs.org/minimist/-/minimist-0.0.8.tgz",
          "integrity": "sha1-hX/Kv8M5fSYluCKCYuhqp6ARsF0="
        }
      }
    },
    "node-abi": {
      "version": "https://registry.npmjs.org/node-abi/-/node-abi-2.0.3.tgz",
      "integrity": "sha1-DKZ+XmZ7jhNDVJyhcVOoFdC7/ao="
    },
    "noop-logger": {
      "version": "https://registry.npmjs.org/noop-logger/-/noop-logger-0.1.1.tgz",
      "integrity": "sha1-lKKxYzxPExdVMAfYlm/Q6EG2pMI="
    },
    "number-is-nan": {
      "version": "https://registry.npmjs.org/number-is-nan/-/number-is-nan-1.0.1.tgz",
      "integrity": "sha1-CXtgK1NCKlIsGvuHkDGDNpQaAR0="
    },
    "object-assign": {
      "version": "https://registry.npmjs.org/object-assign/-/object-assign-4.1.0.tgz",
      "integrity": "sha1-ejs9DpgGPUP0wD8uiubNUahog6A="
    },
    "object-inspect": {
      "version": "https://registry.npmjs.org/object-inspect/-/object-inspect-1.2.1.tgz",
      "integrity": "sha1-O2Iibrj21EF1HH2PIqIP+ArJ3D8=",
      "dev": true
    },
    "object-keys": {
      "version": "https://registry.npmjs.org/object-keys/-/object-keys-1.0.11.tgz",
      "integrity": "sha1-xUYBd4rVYPEULODgG8yotW0TQm0=",
      "dev": true
    },
    "obv": {
      "version": "https://registry.npmjs.org/obv/-/obv-0.0.0.tgz",
      "integrity": "sha1-7eq4Ro+R1BkzYu1/kdC5bdOaecE="
    },
    "once": {
      "version": "https://registry.npmjs.org/once/-/once-1.4.0.tgz",
      "integrity": "sha1-WDsap3WWHUsROsF9nFC6753Xa9E=",
      "requires": {
        "wrappy": "https://registry.npmjs.org/wrappy/-/wrappy-1.0.2.tgz"
      }
    },
    "os-homedir": {
      "version": "https://registry.npmjs.org/os-homedir/-/os-homedir-1.0.2.tgz",
      "integrity": "sha1-/7xJiDNuDoM94MFox+8VISGqf7M="
    },
    "os-tmpdir": {
      "version": "https://registry.npmjs.org/os-tmpdir/-/os-tmpdir-1.0.2.tgz",
      "integrity": "sha1-u+Z0BseaqFxc/sdm/lc0VV36EnQ=",
      "dev": true
    },
    "osenv": {
      "version": "https://registry.npmjs.org/osenv/-/osenv-0.1.3.tgz",
      "integrity": "sha1-g88FxtZFj8TVrGNi6jJdkvJ1Qhc=",
      "dev": true,
      "requires": {
        "os-homedir": "https://registry.npmjs.org/os-homedir/-/os-homedir-1.0.2.tgz",
        "os-tmpdir": "https://registry.npmjs.org/os-tmpdir/-/os-tmpdir-1.0.2.tgz"
      }
    },
    "path-is-absolute": {
      "version": "https://registry.npmjs.org/path-is-absolute/-/path-is-absolute-1.0.1.tgz",
      "integrity": "sha1-F0uSaHNVNP+8es5r9TpanhtcX18=",
      "dev": true
    },
    "prebuild-install": {
      "version": "https://registry.npmjs.org/prebuild-install/-/prebuild-install-2.2.0.tgz",
      "integrity": "sha1-VZNHVqMrrIdHOQykT/Zjzui5m2k=",
      "requires": {
        "expand-template": "https://registry.npmjs.org/expand-template/-/expand-template-1.0.3.tgz",
        "github-from-package": "https://registry.npmjs.org/github-from-package/-/github-from-package-0.0.0.tgz",
        "minimist": "https://registry.npmjs.org/minimist/-/minimist-1.2.0.tgz",
        "mkdirp": "https://registry.npmjs.org/mkdirp/-/mkdirp-0.5.1.tgz",
        "node-abi": "https://registry.npmjs.org/node-abi/-/node-abi-2.0.3.tgz",
        "noop-logger": "https://registry.npmjs.org/noop-logger/-/noop-logger-0.1.1.tgz",
        "npmlog": "https://registry.npmjs.org/npmlog/-/npmlog-4.0.1.tgz",
        "os-homedir": "https://registry.npmjs.org/os-homedir/-/os-homedir-1.0.2.tgz",
        "pump": "https://registry.npmjs.org/pump/-/pump-1.0.1.tgz",
        "rc": "https://registry.npmjs.org/rc/-/rc-1.1.6.tgz",
        "simple-get": "https://registry.npmjs.org/simple-get/-/simple-get-1.4.3.tgz",
        "tar-fs": "https://registry.npmjs.org/tar-fs/-/tar-fs-1.14.0.tgz",
        "tunnel-agent": "https://registry.npmjs.org/tunnel-agent/-/tunnel-agent-0.6.0.tgz",
        "xtend": "https://registry.npmjs.org/xtend/-/xtend-4.0.1.tgz"
      },
      "dependencies": {
        "gauge": {
          "version": "https://registry.npmjs.org/gauge/-/gauge-2.7.1.tgz",
          "integrity": "sha1-OIRziU/ovl4T/824uT5O0GFkKMc=",
          "requires": {
            "aproba": "https://registry.npmjs.org/aproba/-/aproba-1.0.4.tgz",
            "console-control-strings": "https://registry.npmjs.org/console-control-strings/-/console-control-strings-1.1.0.tgz",
            "has-color": "https://registry.npmjs.org/has-color/-/has-color-0.1.7.tgz",
            "has-unicode": "https://registry.npmjs.org/has-unicode/-/has-unicode-2.0.1.tgz",
            "object-assign": "https://registry.npmjs.org/object-assign/-/object-assign-4.1.0.tgz",
            "signal-exit": "https://registry.npmjs.org/signal-exit/-/signal-exit-3.0.1.tgz",
            "string-width": "https://registry.npmjs.org/string-width/-/string-width-1.0.2.tgz",
            "strip-ansi": "https://registry.npmjs.org/strip-ansi/-/strip-ansi-3.0.1.tgz",
            "wide-align": "https://registry.npmjs.org/wide-align/-/wide-align-1.1.0.tgz"
          }
        },
        "npmlog": {
          "version": "https://registry.npmjs.org/npmlog/-/npmlog-4.0.1.tgz",
          "integrity": "sha1-0U9QO0zXlxA3VVMAS6luZmL7wLg=",
          "requires": {
            "are-we-there-yet": "https://registry.npmjs.org/are-we-there-yet/-/are-we-there-yet-1.1.2.tgz",
            "console-control-strings": "https://registry.npmjs.org/console-control-strings/-/console-control-strings-1.1.0.tgz",
            "gauge": "https://registry.npmjs.org/gauge/-/gauge-2.7.1.tgz",
            "set-blocking": "https://registry.npmjs.org/set-blocking/-/set-blocking-2.0.0.tgz"
          }
        },
        "tunnel-agent": {
          "version": "https://registry.npmjs.org/tunnel-agent/-/tunnel-agent-0.6.0.tgz",
          "integrity": "sha1-J6XeoGs2sEoKmWZ3SykIaPD8QP0=",
          "requires": {
            "safe-buffer": "https://registry.npmjs.org/safe-buffer/-/safe-buffer-5.1.1.tgz"
          }
        }
      }
    },
    "process-nextick-args": {
      "version": "https://registry.npmjs.org/process-nextick-args/-/process-nextick-args-1.0.7.tgz",
      "integrity": "sha1-FQ4gt1ZZCtP5EJPyWk8q2L/zC6M="
    },
    "prr": {
      "version": "https://registry.npmjs.org/prr/-/prr-1.0.1.tgz",
      "integrity": "sha1-0/wRS6BplaRexok/SEzrHXj19HY="
    },
    "pull-cat": {
      "version": "https://registry.npmjs.org/pull-cat/-/pull-cat-1.1.11.tgz",
      "integrity": "sha1-tkLdElXaN2pwa220+pYvX9t0wxs="
    },
    "pull-cont": {
      "version": "https://registry.npmjs.org/pull-cont/-/pull-cont-0.0.0.tgz",
      "integrity": "sha1-P6xIuBrJe3W6ATMgiLDOevjBvg4=",
      "dev": true
    },
    "pull-flatmap": {
      "version": "https://registry.npmjs.org/pull-flatmap/-/pull-flatmap-0.0.1.tgz",
      "integrity": "sha1-E9SURT6PbUeOe7+t5vj+AZf6a7c="
    },
    "pull-level": {
      "version": "https://registry.npmjs.org/pull-level/-/pull-level-2.0.3.tgz",
      "integrity": "sha1-lQBjXiV5Rdb+7eGF9deiR3NFWxc=",
      "requires": {
        "level-post": "https://registry.npmjs.org/level-post/-/level-post-1.0.5.tgz",
        "pull-cat": "https://registry.npmjs.org/pull-cat/-/pull-cat-1.1.11.tgz",
        "pull-live": "https://registry.npmjs.org/pull-live/-/pull-live-1.0.1.tgz",
        "pull-pushable": "https://registry.npmjs.org/pull-pushable/-/pull-pushable-2.0.1.tgz",
        "pull-stream": "https://registry.npmjs.org/pull-stream/-/pull-stream-3.5.0.tgz",
        "pull-window": "https://registry.npmjs.org/pull-window/-/pull-window-2.1.4.tgz",
        "stream-to-pull-stream": "https://registry.npmjs.org/stream-to-pull-stream/-/stream-to-pull-stream-1.7.2.tgz"
      }
    },
    "pull-live": {
      "version": "https://registry.npmjs.org/pull-live/-/pull-live-1.0.1.tgz",
      "integrity": "sha1-pOzuAeMwFV6RJLu89HYfIbOPUfU=",
      "requires": {
        "pull-cat": "https://registry.npmjs.org/pull-cat/-/pull-cat-1.1.11.tgz",
        "pull-stream": "https://registry.npmjs.org/pull-stream/-/pull-stream-3.5.0.tgz"
      }
    },
    "pull-paramap": {
      "version": "https://registry.npmjs.org/pull-paramap/-/pull-paramap-1.2.1.tgz",
      "integrity": "sha1-7FM8kLux/LxKyUqUvwKfBhUXIXI="
    },
    "pull-pushable": {
      "version": "https://registry.npmjs.org/pull-pushable/-/pull-pushable-2.0.1.tgz",
      "integrity": "sha1-Ar3KUaOc9YX0g/vs3i/JN4B28hI="
    },
    "pull-sink-through": {
      "version": "https://registry.npmjs.org/pull-sink-through/-/pull-sink-through-0.0.0.tgz",
      "integrity": "sha1-08BJLzqAtO0gSvZ8S0+TVoD8Wx8="
    },
    "pull-stream": {
      "version": "https://registry.npmjs.org/pull-stream/-/pull-stream-3.5.0.tgz",
      "integrity": "sha1-HuW292/Ts6SaWvtt7VwDIKyzz8c="
    },
    "pull-window": {
      "version": "https://registry.npmjs.org/pull-window/-/pull-window-2.1.4.tgz",
      "integrity": "sha1-/DuG/uvRkgx64pdpHiP3BfiFUvA=",
      "requires": {
        "looper": "https://registry.npmjs.org/looper/-/looper-2.0.0.tgz"
      }
    },
    "pull-write": {
      "version": "https://registry.npmjs.org/pull-write/-/pull-write-1.1.1.tgz",
      "integrity": "sha1-UkYEF9bmPhsMdmKNFou2cxgt8EA=",
      "requires": {
        "pull-cat": "https://registry.npmjs.org/pull-cat/-/pull-cat-1.1.11.tgz",
        "pull-stream": "https://registry.npmjs.org/pull-stream/-/pull-stream-3.5.0.tgz"
      }
    },
    "pump": {
      "version": "https://registry.npmjs.org/pump/-/pump-1.0.1.tgz",
      "integrity": "sha1-8fFAn7m9EIW721drQ7hOxLXq3Bo=",
      "requires": {
        "end-of-stream": "https://registry.npmjs.org/end-of-stream/-/end-of-stream-1.1.0.tgz",
        "once": "https://registry.npmjs.org/once/-/once-1.4.0.tgz"
      }
    },
    "rc": {
      "version": "https://registry.npmjs.org/rc/-/rc-1.1.6.tgz",
      "integrity": "sha1-Q2UbdrauU7XIAvEVH6P8OwWZack=",
      "requires": {
        "deep-extend": "https://registry.npmjs.org/deep-extend/-/deep-extend-0.4.1.tgz",
        "ini": "https://registry.npmjs.org/ini/-/ini-1.3.4.tgz",
        "minimist": "https://registry.npmjs.org/minimist/-/minimist-1.2.0.tgz",
        "strip-json-comments": "https://registry.npmjs.org/strip-json-comments/-/strip-json-comments-1.0.4.tgz"
      }
    },
    "readable-stream": {
      "version": "https://registry.npmjs.org/readable-stream/-/readable-stream-1.1.14.tgz",
      "integrity": "sha1-fPTFTvZI44EwhMY23SB54WbAgdk=",
      "requires": {
        "core-util-is": "https://registry.npmjs.org/core-util-is/-/core-util-is-1.0.2.tgz",
        "inherits": "https://registry.npmjs.org/inherits/-/inherits-2.0.3.tgz",
        "isarray": "https://registry.npmjs.org/isarray/-/isarray-0.0.1.tgz",
        "string_decoder": "https://registry.npmjs.org/string_decoder/-/string_decoder-0.10.31.tgz"
      }
    },
    "resolve": {
      "version": "https://registry.npmjs.org/resolve/-/resolve-1.1.7.tgz",
      "integrity": "sha1-IDEU2CrSxe2ejgQRs5ModeiJ6Xs=",
      "dev": true
    },
    "resumer": {
      "version": "https://registry.npmjs.org/resumer/-/resumer-0.0.0.tgz",
      "integrity": "sha1-8ej0YeQGS6Oegq883CqMiT0HZ1k=",
      "dev": true,
      "requires": {
        "through": "https://registry.npmjs.org/through/-/through-2.3.8.tgz"
      }
    },
    "rimraf": {
      "version": "2.6.1",
      "resolved": "https://registry.npmjs.org/rimraf/-/rimraf-2.6.1.tgz",
      "integrity": "sha1-wjOOxkPfeht/5cVPqG9XQopV8z0=",
      "dev": true,
      "requires": {
        "glob": "https://registry.npmjs.org/glob/-/glob-7.1.1.tgz"
      }
    },
    "safe-buffer": {
      "version": "https://registry.npmjs.org/safe-buffer/-/safe-buffer-5.1.1.tgz",
      "integrity": "sha1-iTMSr2myEj3vcfV4iQAWce6yyFM="
    },
    "semver": {
      "version": "https://registry.npmjs.org/semver/-/semver-5.1.1.tgz",
      "integrity": "sha1-oykqNz5vPgeY2gsgZBuanFvEfhk="
    },
    "set-blocking": {
      "version": "https://registry.npmjs.org/set-blocking/-/set-blocking-2.0.0.tgz",
      "integrity": "sha1-BF+XgtARrppoA93TgrJDkrPYkPc="
    },
    "signal-exit": {
      "version": "https://registry.npmjs.org/signal-exit/-/signal-exit-3.0.1.tgz",
      "integrity": "sha1-WkyISZK2OnrNm623iUw+6c/MrYE="
    },
    "simple-get": {
      "version": "https://registry.npmjs.org/simple-get/-/simple-get-1.4.3.tgz",
      "integrity": "sha1-6XVe2kB+ltpAxeUVjJ6jezO+y+s=",
      "requires": {
        "once": "https://registry.npmjs.org/once/-/once-1.4.0.tgz",
        "unzip-response": "https://registry.npmjs.org/unzip-response/-/unzip-response-1.0.2.tgz",
        "xtend": "https://registry.npmjs.org/xtend/-/xtend-4.0.1.tgz"
      }
    },
    "stream-to-pull-stream": {
      "version": "https://registry.npmjs.org/stream-to-pull-stream/-/stream-to-pull-stream-1.7.2.tgz",
      "integrity": "sha1-dXYJrhzr0zx0MtSvvjH/eGULnd4=",
      "requires": {
        "looper": "https://registry.npmjs.org/looper/-/looper-3.0.0.tgz",
        "pull-stream": "https://registry.npmjs.org/pull-stream/-/pull-stream-3.5.0.tgz"
      },
      "dependencies": {
        "looper": {
          "version": "https://registry.npmjs.org/looper/-/looper-3.0.0.tgz",
          "integrity": "sha1-LvpUw7HLq6m5Su4uWRSwvlf7t0k="
        }
      }
    },
    "string_decoder": {
      "version": "https://registry.npmjs.org/string_decoder/-/string_decoder-0.10.31.tgz",
      "integrity": "sha1-YuIDvEF2bGwoyfyEMB2rHFMQ+pQ="
    },
    "string-width": {
      "version": "https://registry.npmjs.org/string-width/-/string-width-1.0.2.tgz",
      "integrity": "sha1-EYvfW4zcUaKn5w0hHgfisLmxB9M=",
      "requires": {
        "code-point-at": "https://registry.npmjs.org/code-point-at/-/code-point-at-1.1.0.tgz",
        "is-fullwidth-code-point": "https://registry.npmjs.org/is-fullwidth-code-point/-/is-fullwidth-code-point-1.0.0.tgz",
        "strip-ansi": "https://registry.npmjs.org/strip-ansi/-/strip-ansi-3.0.1.tgz"
      }
    },
    "string.prototype.trim": {
      "version": "https://registry.npmjs.org/string.prototype.trim/-/string.prototype.trim-1.1.2.tgz",
      "integrity": "sha1-0E3iyJ4Tf019IG8Ia17S+ua+jOo=",
      "dev": true,
      "requires": {
        "define-properties": "https://registry.npmjs.org/define-properties/-/define-properties-1.1.2.tgz",
        "es-abstract": "https://registry.npmjs.org/es-abstract/-/es-abstract-1.6.1.tgz",
        "function-bind": "https://registry.npmjs.org/function-bind/-/function-bind-1.1.0.tgz"
      }
    },
    "strip-ansi": {
      "version": "https://registry.npmjs.org/strip-ansi/-/strip-ansi-3.0.1.tgz",
      "integrity": "sha1-ajhfuIU9lS1f8F0Oiq+UJ43GPc8=",
      "requires": {
        "ansi-regex": "https://registry.npmjs.org/ansi-regex/-/ansi-regex-2.0.0.tgz"
      }
    },
    "strip-json-comments": {
      "version": "https://registry.npmjs.org/strip-json-comments/-/strip-json-comments-1.0.4.tgz",
      "integrity": "sha1-HhX7ysl9Pumb8tc7TGVrCCu6+5E="
    },
    "tape": {
      "version": "https://registry.npmjs.org/tape/-/tape-4.6.2.tgz",
      "integrity": "sha1-GbPYdFCEhaHcMPsw/ip9m+LCi3g=",
      "dev": true,
      "requires": {
        "deep-equal": "https://registry.npmjs.org/deep-equal/-/deep-equal-1.0.1.tgz",
        "defined": "https://registry.npmjs.org/defined/-/defined-1.0.0.tgz",
        "function-bind": "https://registry.npmjs.org/function-bind/-/function-bind-1.1.0.tgz",
        "glob": "https://registry.npmjs.org/glob/-/glob-7.1.1.tgz",
        "has": "https://registry.npmjs.org/has/-/has-1.0.1.tgz",
        "inherits": "https://registry.npmjs.org/inherits/-/inherits-2.0.3.tgz",
        "minimist": "https://registry.npmjs.org/minimist/-/minimist-1.2.0.tgz",
        "object-inspect": "https://registry.npmjs.org/object-inspect/-/object-inspect-1.2.1.tgz",
        "resolve": "https://registry.npmjs.org/resolve/-/resolve-1.1.7.tgz",
        "resumer": "https://registry.npmjs.org/resumer/-/resumer-0.0.0.tgz",
        "string.prototype.trim": "https://registry.npmjs.org/string.prototype.trim/-/string.prototype.trim-1.1.2.tgz",
        "through": "https://registry.npmjs.org/through/-/through-2.3.8.tgz"
      }
    },
    "tar-fs": {
      "version": "https://registry.npmjs.org/tar-fs/-/tar-fs-1.14.0.tgz",
      "integrity": "sha1-+ZzAdL8zvtIc2SGiFyB5e7GObJY=",
      "requires": {
        "mkdirp": "https://registry.npmjs.org/mkdirp/-/mkdirp-0.5.1.tgz",
        "pump": "https://registry.npmjs.org/pump/-/pump-1.0.1.tgz",
        "tar-stream": "https://registry.npmjs.org/tar-stream/-/tar-stream-1.5.2.tgz"
      }
    },
    "tar-stream": {
      "version": "https://registry.npmjs.org/tar-stream/-/tar-stream-1.5.2.tgz",
      "integrity": "sha1-+8bG6DwaGdTLSMfZYXH8JI7/x78=",
      "requires": {
        "bl": "https://registry.npmjs.org/bl/-/bl-1.0.3.tgz",
        "end-of-stream": "https://registry.npmjs.org/end-of-stream/-/end-of-stream-1.1.0.tgz",
        "readable-stream": "https://registry.npmjs.org/readable-stream/-/readable-stream-2.2.2.tgz",
        "xtend": "https://registry.npmjs.org/xtend/-/xtend-4.0.1.tgz"
      },
      "dependencies": {
        "isarray": {
          "version": "https://registry.npmjs.org/isarray/-/isarray-1.0.0.tgz",
          "integrity": "sha1-u5NdSFgsuhaMBoNJV6VKPgcSTxE="
        },
        "readable-stream": {
          "version": "https://registry.npmjs.org/readable-stream/-/readable-stream-2.2.2.tgz",
          "integrity": "sha1-qeb+w8fdqF+LsbO6cChgRVb8gl4=",
          "requires": {
            "buffer-shims": "https://registry.npmjs.org/buffer-shims/-/buffer-shims-1.0.0.tgz",
            "core-util-is": "https://registry.npmjs.org/core-util-is/-/core-util-is-1.0.2.tgz",
            "inherits": "https://registry.npmjs.org/inherits/-/inherits-2.0.3.tgz",
            "isarray": "https://registry.npmjs.org/isarray/-/isarray-1.0.0.tgz",
            "process-nextick-args": "https://registry.npmjs.org/process-nextick-args/-/process-nextick-args-1.0.7.tgz",
            "string_decoder": "https://registry.npmjs.org/string_decoder/-/string_decoder-0.10.31.tgz",
            "util-deprecate": "https://registry.npmjs.org/util-deprecate/-/util-deprecate-1.0.2.tgz"
          }
        }
      }
    },
    "through": {
      "version": "https://registry.npmjs.org/through/-/through-2.3.8.tgz",
      "integrity": "sha1-DdTJ/6q8NXlgsbckEV1+Doai4fU=",
      "dev": true
    },
    "typewise": {
      "version": "https://registry.npmjs.org/typewise/-/typewise-1.0.3.tgz",
      "integrity": "sha1-EGeTZUCvl5N8xdz5kiSG6fooRlE=",
      "requires": {
        "typewise-core": "https://registry.npmjs.org/typewise-core/-/typewise-core-1.2.0.tgz"
      }
    },
    "typewise-core": {
      "version": "https://registry.npmjs.org/typewise-core/-/typewise-core-1.2.0.tgz",
      "integrity": "sha1-l+uRgFx/VdL5QXSPpQ0xXZke8ZU="
    },
    "typewiselite": {
      "version": "https://registry.npmjs.org/typewiselite/-/typewiselite-1.0.0.tgz",
      "integrity": "sha1-yIgvobsQksBgBal/NO9chQjjZk4="
    },
    "unzip-response": {
      "version": "https://registry.npmjs.org/unzip-response/-/unzip-response-1.0.2.tgz",
      "integrity": "sha1-uYTwh3/AqJwsdzzB73tbIytbBv4="
    },
    "util-deprecate": {
      "version": "https://registry.npmjs.org/util-deprecate/-/util-deprecate-1.0.2.tgz",
      "integrity": "sha1-RQ1Nyfpw3nMnYvvS1KKJgUGaDM8="
    },
    "wide-align": {
      "version": "https://registry.npmjs.org/wide-align/-/wide-align-1.1.0.tgz",
      "integrity": "sha1-QO3egCpx/qHwcNo+YtzaLnrdlq0=",
      "requires": {
        "string-width": "https://registry.npmjs.org/string-width/-/string-width-1.0.2.tgz"
      }
    },
    "wrappy": {
      "version": "https://registry.npmjs.org/wrappy/-/wrappy-1.0.2.tgz",
      "integrity": "sha1-tSQ9jz7BqjXxNkYFvA0QNuMKtp8="
    },
    "xtend": {
      "version": "https://registry.npmjs.org/xtend/-/xtend-4.0.1.tgz",
      "integrity": "sha1-pcbVMr5lbiPbgg77lDofBJmNY68="
    }
  }
}
